<?xml version="1.0" encoding="utf-8"?>
<Project ToolsVersion="17.0" xmlns="http://schemas.microsoft.com/developer/msbuild/2003">
  <ItemGroup>
    <ClCompile Include="C:\Users\froil\source\repos\PointCloudReconstruction\reconstruct.cpp">
      <Filter>Source Files</Filter>
    </ClCompile>
    <ClCompile Include="C:\Users\froil\source\repos\PointCloudReconstruction\PCReconstructor.cpp">
      <Filter>Source Files</Filter>
    </ClCompile>
    <ClCompile Include="C:\Users\froil\source\repos\PointCloudReconstruction\PCFormater.cpp">
      <Filter>Source Files</Filter>
    </ClCompile>
  </ItemGroup>
  <ItemGroup>
    <ClInclude Include="C:\Users\froil\source\repos\PointCloudReconstruction\PCReconstructor.h">
      <Filter>Header Files</Filter>
    </ClInclude>
    <ClInclude Include="C:\Users\froil\source\repos\PointCloudReconstruction\PCFormater.h">
      <Filter>Header Files</Filter>
    </ClInclude>
  </ItemGroup>
  <ItemGroup>
    <CustomBuild Include="C:\Users\froil\source\repos\PointCloudReconstruction\CMakeLists.txt" />
  </ItemGroup>
  <ItemGroup>
    <Filter Include="Header Files">
      <UniqueIdentifier>{0883314F-2177-350F-8D03-A7A462E49490}</UniqueIdentifier>
    </Filter>
    <Filter Include="Source Files">
      <UniqueIdentifier>{0FE095CA-98B8-3608-9614-92EDB409D6DD}</UniqueIdentifier>
    </Filter>
  </ItemGroup>
</Project>
