<?xml version="1.0" encoding="utf-8"?>
<Project ToolsVersion="17.0" xmlns="http://schemas.microsoft.com/developer/msbuild/2003">
  <ItemGroup>
    <CustomBuild Include="C:\Users\froil\source\repos\PointCloudReconstruction\CMakeFiles\2023670788727d57b16dc7fbc25c80df\generate.stamp.rule">
      <Filter>CMake Rules</Filter>
    </CustomBuild>
  </ItemGroup>
  <ItemGroup>
    <Filter Include="CMake Rules">
      <UniqueIdentifier>{58BA5052-9048-343D-8913-068F50F36291}</UniqueIdentifier>
    </Filter>
  </ItemGroup>
</Project>
