<?xml version="1.0" encoding="utf-8"?>
<Project ToolsVersion="17.0" xmlns="http://schemas.microsoft.com/developer/msbuild/2003">
  <ItemGroup>
    <CustomBuild Include="C:\Users\froil\source\repos\PCFilter\PCFilter\CMakeFiles\a9c84cb5b66d4922f80e83148fc66479\INSTALL_force.rule">
      <Filter>CMake Rules</Filter>
    </CustomBuild>
  </ItemGroup>
  <ItemGroup>
    <Filter Include="CMake Rules">
      <UniqueIdentifier>{08C424B1-230A-318C-90B7-F41227043103}</UniqueIdentifier>
    </Filter>
  </ItemGroup>
</Project>
